
Microsoft Visual Studio Solution File, Format Version 12.00
# Visual Studio Version 16
VisualStudioVersion = 16.0.30406.217
MinimumVisualStudioVersion = 10.0.40219.1
Project("{FAE04EC0-301F-11D3-BF4B-00C04F79EFBC}") = "2018275921_Project_8", "2018275921_Project_8\2018275921_Project_8.csproj", "{775596E1-D924-4AAC-AFBC-B9D5349202C2}"
EndProject
Global
	GlobalSection(SolutionConfigurationPlatforms) = preSolution
		Debug|Any CPU = Debug|Any CPU
		Release|Any CPU = Release|Any CPU
	EndGlobalSection
	GlobalSection(ProjectConfigurationPlatforms) = postSolution
		{775596E1-D924-4AAC-AFBC-B9D5349202C2}.Debug|Any CPU.ActiveCfg = Debug|Any CPU
		{775596E1-D924-4AAC-AFBC-B9D5349202C2}.Debug|Any CPU.Build.0 = Debug|Any CPU
		{775596E1-D924-4AAC-AFBC-B9D5349202C2}.Release|Any CPU.ActiveCfg = Release|Any CPU
		{775596E1-D924-4AAC-AFBC-B9D5349202C2}.Release|Any CPU.Build.0 = Release|Any CPU
	EndGlobalSection
	GlobalSection(SolutionProperties) = preSolution
		HideSolutionNode = FALSE
	EndGlobalSection
	GlobalSection(ExtensibilityGlobals) = postSolution
		SolutionGuid = {F7723172-3B5B-4796-8AB4-ED33868F5A98}
	EndGlobalSection
EndGlobal
